
Microsoft Visual Studio Solution File, Format Version 12.00
# Visual Studio Version 17
VisualStudioVersion = 17.7.34031.279
MinimumVisualStudioVersion = 10.0.40219.1
Project("{FAE04EC0-301F-11D3-BF4B-00C04F79EFBC}") = "WindowsFormsApp1", "WindowsFormsApp1.csproj", "{ECBCDAFC-A85E-4E1C-B1DE-7C4FA97B59E7}"
EndProject
Global
	GlobalSection(SolutionConfigurationPlatforms) = preSolution
		Debug|Any CPU = Debug|Any CPU
		Release|Any CPU = Release|Any CPU
	EndGlobalSection
	GlobalSection(ProjectConfigurationPlatforms) = postSolution
		{ECBCDAFC-A85E-4E1C-B1DE-7C4FA97B59E7}.Debug|Any CPU.ActiveCfg = Debug|Any CPU
		{ECBCDAFC-A85E-4E1C-B1DE-7C4FA97B59E7}.Debug|Any CPU.Build.0 = Debug|Any CPU
		{ECBCDAFC-A85E-4E1C-B1DE-7C4FA97B59E7}.Release|Any CPU.ActiveCfg = Release|Any CPU
		{ECBCDAFC-A85E-4E1C-B1DE-7C4FA97B59E7}.Release|Any CPU.Build.0 = Release|Any CPU
	EndGlobalSection
	GlobalSection(SolutionProperties) = preSolution
		HideSolutionNode = FALSE
	EndGlobalSection
	GlobalSection(ExtensibilityGlobals) = postSolution
		SolutionGuid = {D7585A52-53FF-46A5-995C-49CB0E91BC59}
	EndGlobalSection
EndGlobal
